// !$*UTF8*$!
{
	archiveVersion = 1;
	classes = {
	};
	objectVersion = 56;
	objects = {

/* Begin PBXBuildFile section */
		2F6FBF272B9FC69900517345 /* CircleImage.swift in Sources */ = {isa = PBXBuildFile; fileRef = 2F6FBF262B9FC69900517345 /* CircleImage.swift */; };
		2F6FBF292B9FC6FD00517345 /* MapView.swift in Sources */ = {isa = PBXBuildFile; fileRef = 2F6FBF282B9FC6FD00517345 /* MapView.swift */; };
		2F6FBF2B2B9FC90100517345 /* landmarkData.json in Resources */ = {isa = PBXBuildFile; fileRef = 2F6FBF2A2B9FC90100517345 /* landmarkData.json */; };
		2F6FBF2F2B9FC93700517345 /* Landmark.swift in Sources */ = {isa = PBXBuildFile; fileRef = 2F6FBF2E2B9FC93700517345 /* Landmark.swift */; };
		2F6FBF332B9FCAC600517345 /* ModelData.swift in Sources */ = {isa = PBXBuildFile; fileRef = 2F6FBF322B9FCAC600517345 /* ModelData.swift */; };
		2F6FBF382B9FCC3B00517345 /* LandmarkRow.swift in Sources */ = {isa = PBXBuildFile; fileRef = 2F6FBF372B9FCC3B00517345 /* LandmarkRow.swift */; };
		2F6FBF3B2B9FCD2900517345 /* LandmarkList.swift in Sources */ = {isa = PBXBuildFile; fileRef = 2F6FBF3A2B9FCD2900517345 /* LandmarkList.swift */; };
		2F6FBF3D2B9FCE2300517345 /* LandmarkDetail.swift in Sources */ = {isa = PBXBuildFile; fileRef = 2F6FBF3C2B9FCE2300517345 /* LandmarkDetail.swift */; };
		2FA446252B97F14C00C5B4A7 /* GheetsApp.swift in Sources */ = {isa = PBXBuildFile; fileRef = 2FA446242B97F14C00C5B4A7 /* GheetsApp.swift */; };
		2FA446272B97F14C00C5B4A7 /* ContentView.swift in Sources */ = {isa = PBXBuildFile; fileRef = 2FA446262B97F14C00C5B4A7 /* ContentView.swift */; };
		2FA446292B97F14F00C5B4A7 /* Assets.xcassets in Resources */ = {isa = PBXBuildFile; fileRef = 2FA446282B97F14F00C5B4A7 /* Assets.xcassets */; };
		2FA4462C2B97F14F00C5B4A7 /* Preview Assets.xcassets in Resources */ = {isa = PBXBuildFile; fileRef = 2FA4462B2B97F14F00C5B4A7 /* Preview Assets.xcassets */; };
		2FA446362B97F14F00C5B4A7 /* GheetsTests.swift in Sources */ = {isa = PBXBuildFile; fileRef = 2FA446352B97F14F00C5B4A7 /* GheetsTests.swift */; };
		2FA446402B97F14F00C5B4A7 /* GheetsUITests.swift in Sources */ = {isa = PBXBuildFile; fileRef = 2FA4463F2B97F14F00C5B4A7 /* GheetsUITests.swift */; };
		2FA446422B97F14F00C5B4A7 /* GheetsUITestsLaunchTests.swift in Sources */ = {isa = PBXBuildFile; fileRef = 2FA446412B97F14F00C5B4A7 /* GheetsUITestsLaunchTests.swift */; };
/* End PBXBuildFile section */

/* Begin PBXContainerItemProxy section */
		2FA446322B97F14F00C5B4A7 /* PBXContainerItemProxy */ = {
			isa = PBXContainerItemProxy;
			containerPortal = 2FA446192B97F14C00C5B4A7 /* Project object */;
			proxyType = 1;
			remoteGlobalIDString = 2FA446202B97F14C00C5B4A7;
			remoteInfo = Gheets;
		};
		2FA4463C2B97F14F00C5B4A7 /* PBXContainerItemProxy */ = {
			isa = PBXContainerItemProxy;
			containerPortal = 2FA446192B97F14C00C5B4A7 /* Project object */;
			proxyType = 1;
			remoteGlobalIDString = 2FA446202B97F14C00C5B4A7;
			remoteInfo = Gheets;
		};
/* End PBXContainerItemProxy section */

/* Begin PBXFileReference section */
		2F6FBF262B9FC69900517345 /* CircleImage.swift */ = {isa = PBXFileReference; lastKnownFileType = sourcecode.swift; path = CircleImage.swift; sourceTree = "<group>"; };
		2F6FBF282B9FC6FD00517345 /* MapView.swift */ = {isa = PBXFileReference; lastKnownFileType = sourcecode.swift; path = MapView.swift; sourceTree = "<group>"; };
		2F6FBF2A2B9FC90100517345 /* landmarkData.json */ = {isa = PBXFileReference; fileEncoding = 4; lastKnownFileType = text.json; path = landmarkData.json; sourceTree = "<group>"; };
		2F6FBF2E2B9FC93700517345 /* Landmark.swift */ = {isa = PBXFileReference; lastKnownFileType = sourcecode.swift; path = Landmark.swift; sourceTree = "<group>"; };
		2F6FBF322B9FCAC600517345 /* ModelData.swift */ = {isa = PBXFileReference; lastKnownFileType = sourcecode.swift; path = ModelData.swift; sourceTree = "<group>"; };
		2F6FBF372B9FCC3B00517345 /* LandmarkRow.swift */ = {isa = PBXFileReference; lastKnownFileType = sourcecode.swift; path = LandmarkRow.swift; sourceTree = "<group>"; };
		2F6FBF3A2B9FCD2900517345 /* LandmarkList.swift */ = {isa = PBXFileReference; lastKnownFileType = sourcecode.swift; path = LandmarkList.swift; sourceTree = "<group>"; };
		2F6FBF3C2B9FCE2300517345 /* LandmarkDetail.swift */ = {isa = PBXFileReference; lastKnownFileType = sourcecode.swift; path = LandmarkDetail.swift; sourceTree = "<group>"; };
		2FA446212B97F14C00C5B4A7 /* Gheets.app */ = {isa = PBXFileReference; explicitFileType = wrapper.application; includeInIndex = 0; path = Gheets.app; sourceTree = BUILT_PRODUCTS_DIR; };
		2FA446242B97F14C00C5B4A7 /* GheetsApp.swift */ = {isa = PBXFileReference; lastKnownFileType = sourcecode.swift; path = GheetsApp.swift; sourceTree = "<group>"; };
		2FA446262B97F14C00C5B4A7 /* ContentView.swift */ = {isa = PBXFileReference; lastKnownFileType = sourcecode.swift; path = ContentView.swift; sourceTree = "<group>"; };
		2FA446282B97F14F00C5B4A7 /* Assets.xcassets */ = {isa = PBXFileReference; lastKnownFileType = folder.assetcatalog; path = Assets.xcassets; sourceTree = "<group>"; };
		2FA4462B2B97F14F00C5B4A7 /* Preview Assets.xcassets */ = {isa = PBXFileReference; lastKnownFileType = folder.assetcatalog; path = "Preview Assets.xcassets"; sourceTree = "<group>"; };
		2FA446312B97F14F00C5B4A7 /* GheetsTests.xctest */ = {isa = PBXFileReference; explicitFileType = wrapper.cfbundle; includeInIndex = 0; path = GheetsTests.xctest; sourceTree = BUILT_PRODUCTS_DIR; };
		2FA446352B97F14F00C5B4A7 /* GheetsTests.swift */ = {isa = PBXFileReference; lastKnownFileType = sourcecode.swift; path = GheetsTests.swift; sourceTree = "<group>"; };
		2FA4463B2B97F14F00C5B4A7 /* GheetsUITests.xctest */ = {isa = PBXFileReference; explicitFileType = wrapper.cfbundle; includeInIndex = 0; path = GheetsUITests.xctest; sourceTree = BUILT_PRODUCTS_DIR; };
		2FA4463F2B97F14F00C5B4A7 /* GheetsUITests.swift */ = {isa = PBXFileReference; lastKnownFileType = sourcecode.swift; path = GheetsUITests.swift; sourceTree = "<group>"; };
		2FA446412B97F14F00C5B4A7 /* GheetsUITestsLaunchTests.swift */ = {isa = PBXFileReference; lastKnownFileType = sourcecode.swift; path = GheetsUITestsLaunchTests.swift; sourceTree = "<group>"; };
/* End PBXFileReference section */

/* Begin PBXFrameworksBuildPhase section */
		2FA4461E2B97F14C00C5B4A7 /* Frameworks */ = {
			isa = PBXFrameworksBuildPhase;
			buildActionMask = 2147483647;
			files = (
			);
			runOnlyForDeploymentPostprocessing = 0;
		};
		2FA4462E2B97F14F00C5B4A7 /* Frameworks */ = {
			isa = PBXFrameworksBuildPhase;
			buildActionMask = 2147483647;
			files = (
			);
			runOnlyForDeploymentPostprocessing = 0;
		};
		2FA446382B97F14F00C5B4A7 /* Frameworks */ = {
			isa = PBXFrameworksBuildPhase;
			buildActionMask = 2147483647;
			files = (
			);
			runOnlyForDeploymentPostprocessing = 0;
		};
/* End PBXFrameworksBuildPhase section */

/* Begin PBXGroup section */
		2F6FBF342B9FCB9100517345 /* Views */ = {
			isa = PBXGroup;
			children = (
				2FA446262B97F14C00C5B4A7 /* ContentView.swift */,
				2F6FBF282B9FC6FD00517345 /* MapView.swift */,
				2F6FBF262B9FC69900517345 /* CircleImage.swift */,
				2F6FBF372B9FCC3B00517345 /* LandmarkRow.swift */,
				2F6FBF3A2B9FCD2900517345 /* LandmarkList.swift */,
				2F6FBF3C2B9FCE2300517345 /* LandmarkDetail.swift */,
			);
			path = Views;
			sourceTree = "<group>";
		};
		2F6FBF352B9FCBA600517345 /* Model */ = {
			isa = PBXGroup;
			children = (
				2F6FBF322B9FCAC600517345 /* ModelData.swift */,
				2F6FBF2E2B9FC93700517345 /* Landmark.swift */,
			);
			path = Model;
			sourceTree = "<group>";
		};
		2F6FBF362B9FCBB700517345 /* Resources */ = {
			isa = PBXGroup;
			children = (
				2F6FBF2A2B9FC90100517345 /* landmarkData.json */,
			);
			path = Resources;
			sourceTree = "<group>";
		};
		2FA446182B97F14C00C5B4A7 = {
			isa = PBXGroup;
			children = (
				2FA446232B97F14C00C5B4A7 /* Gheets */,
				2FA446342B97F14F00C5B4A7 /* GheetsTests */,
				2FA4463E2B97F14F00C5B4A7 /* GheetsUITests */,
				2FA446222B97F14C00C5B4A7 /* Products */,
			);
			sourceTree = "<group>";
		};
		2FA446222B97F14C00C5B4A7 /* Products */ = {
			isa = PBXGroup;
			children = (
				2FA446212B97F14C00C5B4A7 /* Gheets.app */,
				2FA446312B97F14F00C5B4A7 /* GheetsTests.xctest */,
				2FA4463B2B97F14F00C5B4A7 /* GheetsUITests.xctest */,
			);
			name = Products;
			sourceTree = "<group>";
		};
		2FA446232B97F14C00C5B4A7 /* Gheets */ = {
			isa = PBXGroup;
			children = (
				2F6FBF362B9FCBB700517345 /* Resources */,
				2F6FBF352B9FCBA600517345 /* Model */,
				2F6FBF342B9FCB9100517345 /* Views */,
				2FA446242B97F14C00C5B4A7 /* GheetsApp.swift */,
				2FA446282B97F14F00C5B4A7 /* Assets.xcassets */,
				2FA4462A2B97F14F00C5B4A7 /* Preview Content */,
			);
			path = Gheets;
			sourceTree = "<group>";
		};
		2FA4462A2B97F14F00C5B4A7 /* Preview Content */ = {
			isa = PBXGroup;
			children = (
				2FA4462B2B97F14F00C5B4A7 /* Preview Assets.xcassets */,
			);
			path = "Preview Content";
			sourceTree = "<group>";
		};
		2FA446342B97F14F00C5B4A7 /* GheetsTests */ = {
			isa = PBXGroup;
			children = (
				2FA446352B97F14F00C5B4A7 /* GheetsTests.swift */,
			);
			path = GheetsTests;
			sourceTree = "<group>";
		};
		2FA4463E2B97F14F00C5B4A7 /* GheetsUITests */ = {
			isa = PBXGroup;
			children = (
				2FA4463F2B97F14F00C5B4A7 /* GheetsUITests.swift */,
				2FA446412B97F14F00C5B4A7 /* GheetsUITestsLaunchTests.swift */,
			);
			path = GheetsUITests;
			sourceTree = "<group>";
		};
/* End PBXGroup section */

/* Begin PBXNativeTarget section */
		2FA446202B97F14C00C5B4A7 /* Gheets */ = {
			isa = PBXNativeTarget;
			buildConfigurationList = 2FA446452B97F14F00C5B4A7 /* Build configuration list for PBXNativeTarget "Gheets" */;
			buildPhases = (
				2FA4461D2B97F14C00C5B4A7 /* Sources */,
				2FA4461E2B97F14C00C5B4A7 /* Frameworks */,
				2FA4461F2B97F14C00C5B4A7 /* Resources */,
			);
			buildRules = (
			);
			dependencies = (
			);
			name = Gheets;
			productName = Gheets;
			productReference = 2FA446212B97F14C00C5B4A7 /* Gheets.app */;
			productType = "com.apple.product-type.application";
		};
		2FA446302B97F14F00C5B4A7 /* GheetsTests */ = {
			isa = PBXNativeTarget;
			buildConfigurationList = 2FA446482B97F14F00C5B4A7 /* Build configuration list for PBXNativeTarget "GheetsTests" */;
			buildPhases = (
				2FA4462D2B97F14F00C5B4A7 /* Sources */,
				2FA4462E2B97F14F00C5B4A7 /* Frameworks */,
				2FA4462F2B97F14F00C5B4A7 /* Resources */,
			);
			buildRules = (
			);
			dependencies = (
				2FA446332B97F14F00C5B4A7 /* PBXTargetDependency */,
			);
			name = GheetsTests;
			productName = GheetsTests;
			productReference = 2FA446312B97F14F00C5B4A7 /* GheetsTests.xctest */;
			productType = "com.apple.product-type.bundle.unit-test";
		};
		2FA4463A2B97F14F00C5B4A7 /* GheetsUITests */ = {
			isa = PBXNativeTarget;
			buildConfigurationList = 2FA4464B2B97F14F00C5B4A7 /* Build configuration list for PBXNativeTarget "GheetsUITests" */;
			buildPhases = (
				2FA446372B97F14F00C5B4A7 /* Sources */,
				2FA446382B97F14F00C5B4A7 /* Frameworks */,
				2FA446392B97F14F00C5B4A7 /* Resources */,
			);
			buildRules = (
			);
			dependencies = (
				2FA4463D2B97F14F00C5B4A7 /* PBXTargetDependency */,
			);
			name = GheetsUITests;
			productName = GheetsUITests;
			productReference = 2FA4463B2B97F14F00C5B4A7 /* GheetsUITests.xctest */;
			productType = "com.apple.product-type.bundle.ui-testing";
		};
/* End PBXNativeTarget section */

/* Begin PBXProject section */
		2FA446192B97F14C00C5B4A7 /* Project object */ = {
			isa = PBXProject;
			attributes = {
				BuildIndependentTargetsInParallel = 1;
				LastSwiftUpdateCheck = 1530;
				LastUpgradeCheck = 1530;
				TargetAttributes = {
					2FA446202B97F14C00C5B4A7 = {
						CreatedOnToolsVersion = 15.3;
					};
					2FA446302B97F14F00C5B4A7 = {
						CreatedOnToolsVersion = 15.3;
						TestTargetID = 2FA446202B97F14C00C5B4A7;
					};
					2FA4463A2B97F14F00C5B4A7 = {
						CreatedOnToolsVersion = 15.3;
						TestTargetID = 2FA446202B97F14C00C5B4A7;
					};
				};
			};
			buildConfigurationList = 2FA4461C2B97F14C00C5B4A7 /* Build configuration list for PBXProject "Gheets" */;
			compatibilityVersion = "Xcode 14.0";
			developmentRegion = en;
			hasScannedForEncodings = 0;
			knownRegions = (
				en,
				Base,
			);
			mainGroup = 2FA446182B97F14C00C5B4A7;
			productRefGroup = 2FA446222B97F14C00C5B4A7 /* Products */;
			projectDirPath = "";
			projectRoot = "";
			targets = (
				2FA446202B97F14C00C5B4A7 /* Gheets */,
				2FA446302B97F14F00C5B4A7 /* GheetsTests */,
				2FA4463A2B97F14F00C5B4A7 /* GheetsUITests */,
			);
		};
/* End PBXProject section */

/* Begin PBXResourcesBuildPhase section */
		2FA4461F2B97F14C00C5B4A7 /* Resources */ = {
			isa = PBXResourcesBuildPhase;
			buildActionMask = 2147483647;
			files = (
				2FA4462C2B97F14F00C5B4A7 /* Preview Assets.xcassets in Resources */,
				2FA446292B97F14F00C5B4A7 /* Assets.xcassets in Resources */,
				2F6FBF2B2B9FC90100517345 /* landmarkData.json in Resources */,
			);
			runOnlyForDeploymentPostprocessing = 0;
		};
		2FA4462F2B97F14F00C5B4A7 /* Resources */ = {
			isa = PBXResourcesBuildPhase;
			buildActionMask = 2147483647;
			files = (
			);
			runOnlyForDeploymentPostprocessing = 0;
		};
		2FA446392B97F14F00C5B4A7 /* Resources */ = {
			isa = PBXResourcesBuildPhase;
			buildActionMask = 2147483647;
			files = (
			);
			runOnlyForDeploymentPostprocessing = 0;
		};
/* End PBXResourcesBuildPhase section */

/* Begin PBXSourcesBuildPhase section */
		2FA4461D2B97F14C00C5B4A7 /* Sources */ = {
			isa = PBXSourcesBuildPhase;
			buildActionMask = 2147483647;
			files = (
				2FA446272B97F14C00C5B4A7 /* ContentView.swift in Sources */,
				2F6FBF292B9FC6FD00517345 /* MapView.swift in Sources */,
				2FA446252B97F14C00C5B4A7 /* GheetsApp.swift in Sources */,
				2F6FBF3B2B9FCD2900517345 /* LandmarkList.swift in Sources */,
				2F6FBF3D2B9FCE2300517345 /* LandmarkDetail.swift in Sources */,
				2F6FBF272B9FC69900517345 /* CircleImage.swift in Sources */,
				2F6FBF2F2B9FC93700517345 /* Landmark.swift in Sources */,
				2F6FBF382B9FCC3B00517345 /* LandmarkRow.swift in Sources */,
				2F6FBF332B9FCAC600517345 /* ModelData.swift in Sources */,
			);
			runOnlyForDeploymentPostprocessing = 0;
		};
		2FA4462D2B97F14F00C5B4A7 /* Sources */ = {
			isa = PBXSourcesBuildPhase;
			buildActionMask = 2147483647;
			files = (
				2FA446362B97F14F00C5B4A7 /* GheetsTests.swift in Sources */,
			);
			runOnlyForDeploymentPostprocessing = 0;
		};
		2FA446372B97F14F00C5B4A7 /* Sources */ = {
			isa = PBXSourcesBuildPhase;
			buildActionMask = 2147483647;
			files = (
				2FA446422B97F14F00C5B4A7 /* GheetsUITestsLaunchTests.swift in Sources */,
				2FA446402B97F14F00C5B4A7 /* GheetsUITests.swift in Sources */,
			);
			runOnlyForDeploymentPostprocessing = 0;
		};
/* End PBXSourcesBuildPhase section */

/* Begin PBXTargetDependency section */
		2FA446332B97F14F00C5B4A7 /* PBXTargetDependency */ = {
			isa = PBXTargetDependency;
			target = 2FA446202B97F14C00C5B4A7 /* Gheets */;
			targetProxy = 2FA446322B97F14F00C5B4A7 /* PBXContainerItemProxy */;
		};
		2FA4463D2B97F14F00C5B4A7 /* PBXTargetDependency */ = {
			isa = PBXTargetDependency;
			target = 2FA446202B97F14C00C5B4A7 /* Gheets */;
			targetProxy = 2FA4463C2B97F14F00C5B4A7 /* PBXContainerItemProxy */;
		};
/* End PBXTargetDependency section */

/* Begin XCBuildConfiguration section */
		2FA446432B97F14F00C5B4A7 /* Debug */ = {
			isa = XCBuildConfiguration;
			buildSettings = {
				ALWAYS_SEARCH_USER_PATHS = NO;
				ASSETCATALOG_COMPILER_GENERATE_SWIFT_ASSET_SYMBOL_EXTENSIONS = YES;
				CLANG_ANALYZER_NONNULL = YES;
				CLANG_ANALYZER_NUMBER_OBJECT_CONVERSION = YES_AGGRESSIVE;
				CLANG_CXX_LANGUAGE_STANDARD = "gnu++20";
				CLANG_ENABLE_MODULES = YES;
				CLANG_ENABLE_OBJC_ARC = YES;
				CLANG_ENABLE_OBJC_WEAK = YES;
				CLANG_WARN_BLOCK_CAPTURE_AUTORELEASING = YES;
				CLANG_WARN_BOOL_CONVERSION = YES;
				CLANG_WARN_COMMA = YES;
				CLANG_WARN_CONSTANT_CONVERSION = YES;
				CLANG_WARN_DEPRECATED_OBJC_IMPLEMENTATIONS = YES;
				CLANG_WARN_DIRECT_OBJC_ISA_USAGE = YES_ERROR;
				CLANG_WARN_DOCUMENTATION_COMMENTS = YES;
				CLANG_WARN_EMPTY_BODY = YES;
				CLANG_WARN_ENUM_CONVERSION = YES;
				CLANG_WARN_INFINITE_RECURSION = YES;
				CLANG_WARN_INT_CONVERSION = YES;
				CLANG_WARN_NON_LITERAL_NULL_CONVERSION = YES;
				CLANG_WARN_OBJC_IMPLICIT_RETAIN_SELF = YES;
				CLANG_WARN_OBJC_LITERAL_CONVERSION = YES;
				CLANG_WARN_OBJC_ROOT_CLASS = YES_ERROR;
				CLANG_WARN_QUOTED_INCLUDE_IN_FRAMEWORK_HEADER = YES;
				CLANG_WARN_RANGE_LOOP_ANALYSIS = YES;
				CLANG_WARN_STRICT_PROTOTYPES = YES;
				CLANG_WARN_SUSPICIOUS_MOVE = YES;
				CLANG_WARN_UNGUARDED_AVAILABILITY = YES_AGGRESSIVE;
				CLANG_WARN_UNREACHABLE_CODE = YES;
				CLANG_WARN__DUPLICATE_METHOD_MATCH = YES;
				COPY_PHASE_STRIP = NO;
				DEBUG_INFORMATION_FORMAT = dwarf;
				ENABLE_STRICT_OBJC_MSGSEND = YES;
				ENABLE_TESTABILITY = YES;
				ENABLE_USER_SCRIPT_SANDBOXING = YES;
				GCC_C_LANGUAGE_STANDARD = gnu17;
				GCC_DYNAMIC_NO_PIC = NO;
				GCC_NO_COMMON_BLOCKS = YES;
				GCC_OPTIMIZATION_LEVEL = 0;
				GCC_PREPROCESSOR_DEFINITIONS = (
					"DEBUG=1",
					"$(inherited)",
				);
				GCC_WARN_64_TO_32_BIT_CONVERSION = YES;
				GCC_WARN_ABOUT_RETURN_TYPE = YES_ERROR;
				GCC_WARN_UNDECLARED_SELECTOR = YES;
				GCC_WARN_UNINITIALIZED_AUTOS = YES_AGGRESSIVE;
				GCC_WARN_UNUSED_FUNCTION = YES;
				GCC_WARN_UNUSED_VARIABLE = YES;
				IPHONEOS_DEPLOYMENT_TARGET = 17.4;
				LOCALIZATION_PREFERS_STRING_CATALOGS = YES;
				MTL_ENABLE_DEBUG_INFO = INCLUDE_SOURCE;
				MTL_FAST_MATH = YES;
				ONLY_ACTIVE_ARCH = YES;
				SDKROOT = iphoneos;
				SWIFT_ACTIVE_COMPILATION_CONDITIONS = "DEBUG $(inherited)";
				SWIFT_OPTIMIZATION_LEVEL = "-Onone";
			};
			name = Debug;
		};
		2FA446442B97F14F00C5B4A7 /* Release */ = {
			isa = XCBuildConfiguration;
			buildSettings = {
				ALWAYS_SEARCH_USER_PATHS = NO;
				ASSETCATALOG_COMPILER_GENERATE_SWIFT_ASSET_SYMBOL_EXTENSIONS = YES;
				CLANG_ANALYZER_NONNULL = YES;
				CLANG_ANALYZER_NUMBER_OBJECT_CONVERSION = YES_AGGRESSIVE;
				CLANG_CXX_LANGUAGE_STANDARD = "gnu++20";
				CLANG_ENABLE_MODULES = YES;
				CLANG_ENABLE_OBJC_ARC = YES;
				CLANG_ENABLE_OBJC_WEAK = YES;
				CLANG_WARN_BLOCK_CAPTURE_AUTORELEASING = YES;
				CLANG_WARN_BOOL_CONVERSION = YES;
				CLANG_WARN_COMMA = YES;
				CLANG_WARN_CONSTANT_CONVERSION = YES;
				CLANG_WARN_DEPRECATED_OBJC_IMPLEMENTATIONS = YES;
				CLANG_WARN_DIRECT_OBJC_ISA_USAGE = YES_ERROR;
				CLANG_WARN_DOCUMENTATION_COMMENTS = YES;
				CLANG_WARN_EMPTY_BODY = YES;
				CLANG_WARN_ENUM_CONVERSION = YES;
				CLANG_WARN_INFINITE_RECURSION = YES;
				CLANG_WARN_INT_CONVERSION = YES;
				CLANG_WARN_NON_LITERAL_NULL_CONVERSION = YES;
				CLANG_WARN_OBJC_IMPLICIT_RETAIN_SELF = YES;
				CLANG_WARN_OBJC_LITERAL_CONVERSION = YES;
				CLANG_WARN_OBJC_ROOT_CLASS = YES_ERROR;
				CLANG_WARN_QUOTED_INCLUDE_IN_FRAMEWORK_HEADER = YES;
				CLANG_WARN_RANGE_LOOP_ANALYSIS = YES;
				CLANG_WARN_STRICT_PROTOTYPES = YES;
				CLANG_WARN_SUSPICIOUS_MOVE = YES;
				CLANG_WARN_UNGUARDED_AVAILABILITY = YES_AGGRESSIVE;
				CLANG_WARN_UNREACHABLE_CODE = YES;
				CLANG_WARN__DUPLICATE_METHOD_MATCH = YES;
				COPY_PHASE_STRIP = NO;
				DEBUG_INFORMATION_FORMAT = "dwarf-with-dsym";
				ENABLE_NS_ASSERTIONS = NO;
				ENABLE_STRICT_OBJC_MSGSEND = YES;
				ENABLE_USER_SCRIPT_SANDBOXING = YES;
				GCC_C_LANGUAGE_STANDARD = gnu17;
				GCC_NO_COMMON_BLOCKS = YES;
				GCC_WARN_64_TO_32_BIT_CONVERSION = YES;
				GCC_WARN_ABOUT_RETURN_TYPE = YES_ERROR;
				GCC_WARN_UNDECLARED_SELECTOR = YES;
				GCC_WARN_UNINITIALIZED_AUTOS = YES_AGGRESSIVE;
				GCC_WARN_UNUSED_FUNCTION = YES;
				GCC_WARN_UNUSED_VARIABLE = YES;
				IPHONEOS_DEPLOYMENT_TARGET = 17.4;
				LOCALIZATION_PREFERS_STRING_CATALOGS = YES;
				MTL_ENABLE_DEBUG_INFO = NO;
				MTL_FAST_MATH = YES;
				SDKROOT = iphoneos;
				SWIFT_COMPILATION_MODE = wholemodule;
				VALIDATE_PRODUCT = YES;
			};
			name = Release;
		};
		2FA446462B97F14F00C5B4A7 /* Debug */ = {
			isa = XCBuildConfiguration;
			buildSettings = {
				ASSETCATALOG_COMPILER_APPICON_NAME = AppIcon;
				ASSETCATALOG_COMPILER_GLOBAL_ACCENT_COLOR_NAME = AccentColor;
				CODE_SIGN_STYLE = Automatic;
				CURRENT_PROJECT_VERSION = 1;
				DEVELOPMENT_ASSET_PATHS = "\"Gheets/Preview Content\"";
				ENABLE_PREVIEWS = YES;
				GENERATE_INFOPLIST_FILE = YES;
				INFOPLIST_KEY_UIApplicationSceneManifest_Generation = YES;
				INFOPLIST_KEY_UIApplicationSupportsIndirectInputEvents = YES;
				INFOPLIST_KEY_UILaunchScreen_Generation = YES;
				INFOPLIST_KEY_UISupportedInterfaceOrientations_iPad = "UIInterfaceOrientationPortrait UIInterfaceOrientationPortraitUpsideDown UIInterfaceOrientationLandscapeLeft UIInterfaceOrientationLandscapeRight";
				INFOPLIST_KEY_UISupportedInterfaceOrientations_iPhone = "UIInterfaceOrientationPortrait UIInterfaceOrientationLandscapeLeft UIInterfaceOrientationLandscapeRight";
				LD_RUNPATH_SEARCH_PATHS = (
					"$(inherited)",
					"@executable_path/Frameworks",
				);
				MARKETING_VERSION = 1.0;
				PRODUCT_BUNDLE_IDENTIFIER = myCompany.Gheets;
				PRODUCT_NAME = "$(TARGET_NAME)";
				SWIFT_EMIT_LOC_STRINGS = YES;
				SWIFT_VERSION = 5.0;
				TARGETED_DEVICE_FAMILY = "1,2";
			};
			name = Debug;
		};
		2FA446472B97F14F00C5B4A7 /* Release */ = {
			isa = XCBuildConfiguration;
			buildSettings = {
				ASSETCATALOG_COMPILER_APPICON_NAME = AppIcon;
				ASSETCATALOG_COMPILER_GLOBAL_ACCENT_COLOR_NAME = AccentColor;
				CODE_SIGN_STYLE = Automatic;
				CURRENT_PROJECT_VERSION = 1;
				DEVELOPMENT_ASSET_PATHS = "\"Gheets/Preview Content\"";
				ENABLE_PREVIEWS = YES;
				GENERATE_INFOPLIST_FILE = YES;
				INFOPLIST_KEY_UIApplicationSceneManifest_Generation = YES;
				INFOPLIST_KEY_UIApplicationSupportsIndirectInputEvents = YES;
				INFOPLIST_KEY_UILaunchScreen_Generation = YES;
				INFOPLIST_KEY_UISupportedInterfaceOrientations_iPad = "UIInterfaceOrientationPortrait UIInterfaceOrientationPortraitUpsideDown UIInterfaceOrientationLandscapeLeft UIInterfaceOrientationLandscapeRight";
				INFOPLIST_KEY_UISupportedInterfaceOrientations_iPhone = "UIInterfaceOrientationPortrait UIInterfaceOrientationLandscapeLeft UIInterfaceOrientationLandscapeRight";
				LD_RUNPATH_SEARCH_PATHS = (
					"$(inherited)",
					"@executable_path/Frameworks",
				);
				MARKETING_VERSION = 1.0;
				PRODUCT_BUNDLE_IDENTIFIER = myCompany.Gheets;
				PRODUCT_NAME = "$(TARGET_NAME)";
				SWIFT_EMIT_LOC_STRINGS = YES;
				SWIFT_VERSION = 5.0;
				TARGETED_DEVICE_FAMILY = "1,2";
			};
			name = Release;
		};
		2FA446492B97F14F00C5B4A7 /* Debug */ = {
			isa = XCBuildConfiguration;
			buildSettings = {
				ALWAYS_EMBED_SWIFT_STANDARD_LIBRARIES = YES;
				BUNDLE_LOADER = "$(TEST_HOST)";
				CODE_SIGN_STYLE = Automatic;
				CURRENT_PROJECT_VERSION = 1;
				GENERATE_INFOPLIST_FILE = YES;
				IPHONEOS_DEPLOYMENT_TARGET = 17.4;
				MARKETING_VERSION = 1.0;
				PRODUCT_BUNDLE_IDENTIFIER = myCompany.GheetsTests;
				PRODUCT_NAME = "$(TARGET_NAME)";
				SWIFT_EMIT_LOC_STRINGS = NO;
				SWIFT_VERSION = 5.0;
				TARGETED_DEVICE_FAMILY = "1,2";
				TEST_HOST = "$(BUILT_PRODUCTS_DIR)/Gheets.app/$(BUNDLE_EXECUTABLE_FOLDER_PATH)/Gheets";
			};
			name = Debug;
		};
		2FA4464A2B97F14F00C5B4A7 /* Release */ = {
			isa = XCBuildConfiguration;
			buildSettings = {
				ALWAYS_EMBED_SWIFT_STANDARD_LIBRARIES = YES;
				BUNDLE_LOADER = "$(TEST_HOST)";
				CODE_SIGN_STYLE = Automatic;
				CURRENT_PROJECT_VERSION = 1;
				GENERATE_INFOPLIST_FILE = YES;
				IPHONEOS_DEPLOYMENT_TARGET = 17.4;
				MARKETING_VERSION = 1.0;
				PRODUCT_BUNDLE_IDENTIFIER = myCompany.GheetsTests;
				PRODUCT_NAME = "$(TARGET_NAME)";
				SWIFT_EMIT_LOC_STRINGS = NO;
				SWIFT_VERSION = 5.0;
				TARGETED_DEVICE_FAMILY = "1,2";
				TEST_HOST = "$(BUILT_PRODUCTS_DIR)/Gheets.app/$(BUNDLE_EXECUTABLE_FOLDER_PATH)/Gheets";
			};
			name = Release;
		};
		2FA4464C2B97F14F00C5B4A7 /* Debug */ = {
			isa = XCBuildConfiguration;
			buildSettings = {
				ALWAYS_EMBED_SWIFT_STANDARD_LIBRARIES = YES;
				CODE_SIGN_STYLE = Automatic;
				CURRENT_PROJECT_VERSION = 1;
				GENERATE_INFOPLIST_FILE = YES;
				MARKETING_VERSION = 1.0;
				PRODUCT_BUNDLE_IDENTIFIER = myCompany.GheetsUITests;
				PRODUCT_NAME = "$(TARGET_NAME)";
				SWIFT_EMIT_LOC_STRINGS = NO;
				SWIFT_VERSION = 5.0;
				TARGETED_DEVICE_FAMILY = "1,2";
				TEST_TARGET_NAME = Gheets;
			};
			name = Debug;
		};
		2FA4464D2B97F14F00C5B4A7 /* Release */ = {
			isa = XCBuildConfiguration;
			buildSettings = {
				ALWAYS_EMBED_SWIFT_STANDARD_LIBRARIES = YES;
				CODE_SIGN_STYLE = Automatic;
				CURRENT_PROJECT_VERSION = 1;
				GENERATE_INFOPLIST_FILE = YES;
				MARKETING_VERSION = 1.0;
				PRODUCT_BUNDLE_IDENTIFIER = myCompany.GheetsUITests;
				PRODUCT_NAME = "$(TARGET_NAME)";
				SWIFT_EMIT_LOC_STRINGS = NO;
				SWIFT_VERSION = 5.0;
				TARGETED_DEVICE_FAMILY = "1,2";
				TEST_TARGET_NAME = Gheets;
			};
			name = Release;
		};
/* End XCBuildConfiguration section */

/* Begin XCConfigurationList section */
		2FA4461C2B97F14C00C5B4A7 /* Build configuration list for PBXProject "Gheets" */ = {
			isa = XCConfigurationList;
			buildConfigurations = (
				2FA446432B97F14F00C5B4A7 /* Debug */,
				2FA446442B97F14F00C5B4A7 /* Release */,
			);
			defaultConfigurationIsVisible = 0;
			defaultConfigurationName = Release;
		};
		2FA446452B97F14F00C5B4A7 /* Build configuration list for PBXNativeTarget "Gheets" */ = {
			isa = XCConfigurationList;
			buildConfigurations = (
				2FA446462B97F14F00C5B4A7 /* Debug */,
				2FA446472B97F14F00C5B4A7 /* Release */,
			);
			defaultConfigurationIsVisible = 0;
			defaultConfigurationName = Release;
		};
		2FA446482B97F14F00C5B4A7 /* Build configuration list for PBXNativeTarget "GheetsTests" */ = {
			isa = XCConfigurationList;
			buildConfigurations = (
				2FA446492B97F14F00C5B4A7 /* Debug */,
				2FA4464A2B97F14F00C5B4A7 /* Release */,
			);
			defaultConfigurationIsVisible = 0;
			defaultConfigurationName = Release;
		};
		2FA4464B2B97F14F00C5B4A7 /* Build configuration list for PBXNativeTarget "GheetsUITests" */ = {
			isa = XCConfigurationList;
			buildConfigurations = (
				2FA4464C2B97F14F00C5B4A7 /* Debug */,
				2FA4464D2B97F14F00C5B4A7 /* Release */,
			);
			defaultConfigurationIsVisible = 0;
			defaultConfigurationName = Release;
		};
/* End XCConfigurationList section */
	};
	rootObject = 2FA446192B97F14C00C5B4A7 /* Project object */;
}
